# This is a Gradle lockfile to lock dependency versions and ensure reproducible builds.
# Locked configurations:
# - compileClasspath
# - runtimeClasspath

org.apache.tomcat.embed:tomcat-embed-core:9.0.74
org.apache.tomcat:tomcat-annotations-api:9.0.74
org.apache.tomcat:tomcat-api:9.0.74
org.apache.tomcat:tomcat-coyote:9.0.74
org.apache.tomcat:tomcat-jni:9.0.74
org.apache.tomcat:tomcat-util:9.0.74
org.apache.tomcat:tomcat-util-scan:9.0.74
org.apache.tomcat:tomcat-websocket:9.0.74
org.apache.juli:tomcat-juli:9.0.74

# transitive dependencies
org.apache.tomcat.embed:tomcat-embed-el:9.0.74
org.apache.tomcat.embed:tomcat-embed-websocket:9.0.74
